
Microsoft Visual Studio Solution File, Format Version 12.00
# Visual Studio Version 16
VisualStudioVersion = 16.0.28803.156
MinimumVisualStudioVersion = 10.0.40219.1
Project("{FAE04EC0-301F-11D3-BF4B-00C04F79EFBC}") = "AutoPrueba2", "AutoPrueba2\AutoPrueba2.csproj", "{28C96DB9-64F9-4991-A5DE-FFC2321FB893}"
EndProject
Global
	GlobalSection(SolutionConfigurationPlatforms) = preSolution
		Debug|Any CPU = Debug|Any CPU
		Release|Any CPU = Release|Any CPU
	EndGlobalSection
	GlobalSection(ProjectConfigurationPlatforms) = postSolution
		{28C96DB9-64F9-4991-A5DE-FFC2321FB893}.Debug|Any CPU.ActiveCfg = Debug|Any CPU
		{28C96DB9-64F9-4991-A5DE-FFC2321FB893}.Debug|Any CPU.Build.0 = Debug|Any CPU
		{28C96DB9-64F9-4991-A5DE-FFC2321FB893}.Release|Any CPU.ActiveCfg = Release|Any CPU
		{28C96DB9-64F9-4991-A5DE-FFC2321FB893}.Release|Any CPU.Build.0 = Release|Any CPU
	EndGlobalSection
	GlobalSection(SolutionProperties) = preSolution
		HideSolutionNode = FALSE
	EndGlobalSection
	GlobalSection(ExtensibilityGlobals) = postSolution
		SolutionGuid = {DE072F15-C186-476E-859A-A94D47E42686}
	EndGlobalSection
EndGlobal
